
Microsoft Visual Studio Solution File, Format Version 12.00
# Visual Studio 15
VisualStudioVersion = 15.0.27703.2035
MinimumVisualStudioVersion = 10.0.40219.1
Project("{FAE04EC0-301F-11D3-BF4B-00C04F79EFBC}") = "WindowsFormsDatabase", "WindowsFormsDatabase\WindowsFormsDatabase.csproj", "{B7DC61BE-6C39-4B13-9190-A419797F4F53}"
EndProject
Global
	GlobalSection(SolutionConfigurationPlatforms) = preSolution
		Debug|Any CPU = Debug|Any CPU
		Release|Any CPU = Release|Any CPU
	EndGlobalSection
	GlobalSection(ProjectConfigurationPlatforms) = postSolution
		{B7DC61BE-6C39-4B13-9190-A419797F4F53}.Debug|Any CPU.ActiveCfg = Debug|Any CPU
		{B7DC61BE-6C39-4B13-9190-A419797F4F53}.Debug|Any CPU.Build.0 = Debug|Any CPU
		{B7DC61BE-6C39-4B13-9190-A419797F4F53}.Release|Any CPU.ActiveCfg = Release|Any CPU
		{B7DC61BE-6C39-4B13-9190-A419797F4F53}.Release|Any CPU.Build.0 = Release|Any CPU
	EndGlobalSection
	GlobalSection(SolutionProperties) = preSolution
		HideSolutionNode = FALSE
	EndGlobalSection
	GlobalSection(ExtensibilityGlobals) = postSolution
		SolutionGuid = {02517B69-AE05-444E-9F2E-3938A361C4A2}
	EndGlobalSection
EndGlobal
